
Microsoft Visual Studio Solution File, Format Version 12.00
# Visual Studio 15
VisualStudioVersion = 15.0.28307.168
MinimumVisualStudioVersion = 10.0.40219.1
Project("{FAE04EC0-301F-11D3-BF4B-00C04F79EFBC}") = "EncuestasMVC", "EncuestasMVC\EncuestasMVC.csproj", "{A2F9B227-DDFC-46CC-BC71-3313DBB90541}"
EndProject
Project("{FAE04EC0-301F-11D3-BF4B-00C04F79EFBC}") = "Encuestas_API", "..\Encuestas_API\Encuestas_API\Encuestas_API.csproj", "{91B28CD1-7E8F-47B7-842D-46FC2BE58B05}"
EndProject
Global
	GlobalSection(SolutionConfigurationPlatforms) = preSolution
		Debug|Any CPU = Debug|Any CPU
		Release|Any CPU = Release|Any CPU
	EndGlobalSection
	GlobalSection(ProjectConfigurationPlatforms) = postSolution
		{A2F9B227-DDFC-46CC-BC71-3313DBB90541}.Debug|Any CPU.ActiveCfg = Debug|Any CPU
		{A2F9B227-DDFC-46CC-BC71-3313DBB90541}.Debug|Any CPU.Build.0 = Debug|Any CPU
		{A2F9B227-DDFC-46CC-BC71-3313DBB90541}.Release|Any CPU.ActiveCfg = Release|Any CPU
		{A2F9B227-DDFC-46CC-BC71-3313DBB90541}.Release|Any CPU.Build.0 = Release|Any CPU
		{91B28CD1-7E8F-47B7-842D-46FC2BE58B05}.Debug|Any CPU.ActiveCfg = Debug|Any CPU
		{91B28CD1-7E8F-47B7-842D-46FC2BE58B05}.Debug|Any CPU.Build.0 = Debug|Any CPU
		{91B28CD1-7E8F-47B7-842D-46FC2BE58B05}.Release|Any CPU.ActiveCfg = Release|Any CPU
		{91B28CD1-7E8F-47B7-842D-46FC2BE58B05}.Release|Any CPU.Build.0 = Release|Any CPU
	EndGlobalSection
	GlobalSection(SolutionProperties) = preSolution
		HideSolutionNode = FALSE
	EndGlobalSection
	GlobalSection(ExtensibilityGlobals) = postSolution
		SolutionGuid = {56B44327-DA3D-403E-AF48-1E4773459CA7}
	EndGlobalSection
EndGlobal
